
Microsoft Visual Studio Solution File, Format Version 12.00
# Visual Studio Version 17
VisualStudioVersion = 17.0.31912.275
MinimumVisualStudioVersion = 10.0.40219.1
Project("{FAE04EC0-301F-11D3-BF4B-00C04F79EFBC}") = "GnOuGo.Agent.Shared", "src\GnOuGo.Agent.Shared\GnOuGo.Agent.Shared.csproj", "{38DA470C-EAD7-4EC2-8AF9-5D31E2E70CD1}"
EndProject
Project("{FAE04EC0-301F-11D3-BF4B-00C04F79EFBC}") = "GnOuGo.Agent.Server", "src\GnOuGo.Agent.Server\GnOuGo.Agent.Server.csproj", "{DF76C949-BE5A-46D2-80A0-627792D183A2}"
EndProject
Project("{FAE04EC0-301F-11D3-BF4B-00C04F79EFBC}") = "GnOuGo.Agent.Desktop", "src\GnOuGo.Agent.Desktop\GnOuGo.Agent.Desktop.csproj", "{82B310D2-9D7C-49D1-8711-76CA33D0CB00}"
EndProject
Project("{FAE04EC0-301F-11D3-BF4B-00C04F79EFBC}") = "GnOuGo.VectorDbDisk", "src\GnOuGo.VectorDbDisk\GnOuGo.VectorDbDisk.csproj", "{843EC643-9FAE-4933-9E06-77BD0788A811}"
EndProject
Project("{FAE04EC0-301F-11D3-BF4B-00C04F79EFBC}") = "GnOuGo.VectorDbDisk.Tests", "tests\GnOuGo.VectorDbDisk.Tests\GnOuGo.VectorDbDisk.Tests.csproj", "{4B4D2B7D-D9C7-4822-9478-8595DD0A03E5}"
EndProject
Project("{FAE04EC0-301F-11D3-BF4B-00C04F79EFBC}") = "GnOuGo.DocIngestor.Core", "src\GnOuGo.DocIngestor.Core\GnOuGo.DocIngestor.Core.csproj", "{A085E99B-3E68-4E67-806B-9A8A96729FC1}"
EndProject
Project("{FAE04EC0-301F-11D3-BF4B-00C04F79EFBC}") = "GnOuGo.DocIngestor.Cli", "src\GnOuGo.DocIngestor.Cli\GnOuGo.DocIngestor.Cli.csproj", "{953EC332-5547-47E8-AED9-9B06D8ECFA87}"
EndProject
Project("{FAE04EC0-301F-11D3-BF4B-00C04F79EFBC}") = "GnOuGo.DocIngestor.Tests", "tests\GnOuGo.DocIngestor.Tests\GnOuGo.DocIngestor.Tests.csproj", "{FB2F1C54-AA82-48EA-80F4-F563B403C1FD}"
EndProject
Project("{FAE04EC0-301F-11D3-BF4B-00C04F79EFBC}") = "GnOuGo.OtlpCollector.Server", "src\GnOuGo.OtlpCollector.Server\GnOuGo.OtlpCollector.Server.csproj", "{E433193E-C0F3-4215-B6CA-37B3F9CD4C4D}"
EndProject
Project("{FAE04EC0-301F-11D3-BF4B-00C04F79EFBC}") = "GnOuGo.OtlpCollector.Cli", "src\GnOuGo.OtlpCollector.Cli\GnOuGo.OtlpCollector.Cli.csproj", "{F1A2B3C4-D5E6-4F78-9A01-2B3C4D5E6F78}"
EndProject
Project("{2150E333-8FDC-42A3-9474-1A3956D46DE8}") = "src", "src", "{827E0CD3-B72D-47B6-A68D-7590B98EB39B}"
EndProject
Project("{FAE04EC0-301F-11D3-BF4B-00C04F79EFBC}") = "GnOuGo.Diff.Core", "src\GnOuGo.Diff.Core\GnOuGo.Diff.Core.csproj", "{8632F297-12A5-476D-A7B0-5709A06E248F}"
EndProject
Project("{FAE04EC0-301F-11D3-BF4B-00C04F79EFBC}") = "GnOuGo.Diff.Server", "src\GnOuGo.Diff.Server\GnOuGo.Diff.Server.csproj", "{90700E2C-EC5D-498F-B0A2-D6BB00934839}"
EndProject
Project("{FAE04EC0-301F-11D3-BF4B-00C04F79EFBC}") = "GnOuGo.Diff.Cli", "src\GnOuGo.Diff.Cli\GnOuGo.Diff.Cli.csproj", "{A50B22F2-E97E-4859-81AE-58FF03E5FEA8}"
EndProject
Project("{2150E333-8FDC-42A3-9474-1A3956D46DE8}") = "tests", "tests", "{5D5BF91B-BC6E-4F58-B445-5D4458702036}"
EndProject
Project("{FAE04EC0-301F-11D3-BF4B-00C04F79EFBC}") = "GnOuGo.DocIngestor.Server", "src\GnOuGo.DocIngestor.Server\GnOuGo.DocIngestor.Server.csproj", "{4C008F50-016E-4F99-826A-F3867D7B3B9D}"
EndProject
Project("{FAE04EC0-301F-11D3-BF4B-00C04F79EFBC}") = "GnOuGo.Diff.Tests", "tests\GnOuGo.Diff.Tests\GnOuGo.Diff.Tests.csproj", "{DC2061E4-4454-4055-8BD1-4B85B24B8948}"
EndProject
Project("{FAE04EC0-301F-11D3-BF4B-00C04F79EFBC}") = "GnOuGo.KeyVault.Core", "src\GnOuGo.KeyVault.Core\GnOuGo.KeyVault.Core.csproj", "{F1FBFB62-B7B1-4E77-98D5-37DF19DCC1A8}"
EndProject
Project("{FAE04EC0-301F-11D3-BF4B-00C04F79EFBC}") = "GnOuGo.KeyVault.Server", "src\GnOuGo.KeyVault.Server\GnOuGo.KeyVault.Server.csproj", "{1F2FD2F1-C17B-4663-8AE3-A3CB4B354580}"
EndProject
Project("{FAE04EC0-301F-11D3-BF4B-00C04F79EFBC}") = "GnOuGo.KeyVault.Tests", "tests\GnOuGo.KeyVault.Tests\GnOuGo.KeyVault.Tests.csproj", "{E3F199C5-C0EF-4D75-AE6C-A8F366B998E2}"
EndProject
Project("{FAE04EC0-301F-11D3-BF4B-00C04F79EFBC}") = "GnOuGo.Flow.Core", "src\GnOuGo.Flow.Core\GnOuGo.Flow.Core.csproj", "{83E04E7F-4CF2-4E99-93EC-96F86B59DD69}"
EndProject
Project("{FAE04EC0-301F-11D3-BF4B-00C04F79EFBC}") = "GnOuGo.Flow.Cli", "src\GnOuGo.Flow.Cli\GnOuGo.Flow.Cli.csproj", "{9B827EBF-209E-41D0-845F-E910BC4CA62C}"
EndProject
Project("{FAE04EC0-301F-11D3-BF4B-00C04F79EFBC}") = "GnOuGo.Flow.Tests", "tests\GnOuGo.Flow.Tests\GnOuGo.Flow.Tests.csproj", "{4E25EE65-3629-4ED0-8B24-BB294889AD14}"
EndProject
Project("{FAE04EC0-301F-11D3-BF4B-00C04F79EFBC}") = "GnOuGo.Flow.Server", "src\GnOuGo.Flow.Server\GnOuGo.Flow.Server.csproj", "{62A608BB-720F-44CF-8FA4-510144AD4F03}"
EndProject
Project("{FAE04EC0-301F-11D3-BF4B-00C04F79EFBC}") = "GnOuGo.Auth.Core", "src\GnOuGo.Auth.Core\GnOuGo.Auth.Core.csproj", "{B42245B1-C6ED-4739-AEB3-CDB3062B1D94}"
EndProject
Project("{FAE04EC0-301F-11D3-BF4B-00C04F79EFBC}") = "GnOuGo.AI.Core", "src\GnOuGo.AI.Core\GnOuGo.AI.Core.csproj", "{4306C4F2-652F-4A28-AB3C-AC9F5FD8F5F7}"
EndProject
Project("{2150E333-8FDC-42A3-9474-1A3956D46DE8}") = "Agent", "Agent", "{DA820E35-AB45-4A88-9522-35BA905291D6}"
EndProject
Project("{2150E333-8FDC-42A3-9474-1A3956D46DE8}") = "Diff", "Diff", "{62A58DAE-A61F-4694-AF42-438FB2895766}"
EndProject
Project("{2150E333-8FDC-42A3-9474-1A3956D46DE8}") = "Flow", "Flow", "{C1468807-6E7D-4715-9D2B-EC4E2EE4E644}"
EndProject
Project("{2150E333-8FDC-42A3-9474-1A3956D46DE8}") = "KeyVault", "KeyVault", "{1F674154-2A3C-40F7-AF86-C685C71D3CE3}"
EndProject
Project("{2150E333-8FDC-42A3-9474-1A3956D46DE8}") = "DocIngestor", "DocIngestor", "{995A9891-DF6E-41DE-ABC1-DD74813956DA}"
EndProject
Project("{2150E333-8FDC-42A3-9474-1A3956D46DE8}") = "Oltp", "Oltp", "{3A6A9022-2CAD-4E2B-BC60-0ED90CE6A2E8}"
EndProject
Project("{FAE04EC0-301F-11D3-BF4B-00C04F79EFBC}") = "GnOuGo.AI.Core.Tests", "tests\GnOuGo.AI.Core.Tests\GnOuGo.AI.Core.Tests.csproj", "{46A45AAD-053B-4CE2-8FC5-538B96179DEB}"
EndProject
Project("{2150E333-8FDC-42A3-9474-1A3956D46DE8}") = "KeyVault", "KeyVault", "{03B736EC-78CF-6EF2-B49B-9095733121B9}"
EndProject
Project("{FAE04EC0-301F-11D3-BF4B-00C04F79EFBC}") = "GnOuGo.KeyVault.Mcp", "src\GnOuGo.KeyVault.Mcp\GnOuGo.KeyVault.Mcp.csproj", "{85C9E7AA-6BF6-4A61-87A1-B6139A0416D8}"
EndProject
Project("{2150E333-8FDC-42A3-9474-1A3956D46DE8}") = "Flow", "Flow", "{EAB3E87B-3F47-B4F0-2D5F-E75331CBE572}"
EndProject
Project("{FAE04EC0-301F-11D3-BF4B-00C04F79EFBC}") = "GnOuGo.UserData.Mcp", "src\GnOuGo.UserData.Mcp\GnOuGo.UserData.Mcp.csproj", "{61656935-E22C-4913-B29E-C0AAFFAE2E35}"
EndProject
Project("{FAE04EC0-301F-11D3-BF4B-00C04F79EFBC}") = "GnOuGo.UserData.Mcp.Tests", "tests\GnOuGo.UserData.Mcp.Tests\GnOuGo.UserData.Mcp.Tests.csproj", "{84B7E78F-3816-48A8-8B39-10B74787559E}"
EndProject
Project("{FAE04EC0-301F-11D3-BF4B-00C04F79EFBC}") = "GnOuGo.Cmd.Mcp", "src\GnOuGo.Cmd.Mcp\GnOuGo.Cmd.Mcp.csproj", "{C3FA4CA5-5440-4F29-8EF5-3AED3DBAD4C7}"
EndProject
Project("{FAE04EC0-301F-11D3-BF4B-00C04F79EFBC}") = "GnOuGo.Cmd.Mcp.Tests", "tests\GnOuGo.Cmd.Mcp.Tests\GnOuGo.Cmd.Mcp.Tests.csproj", "{EBEFFF35-E3F4-4EC6-B5B9-5D1D55CA1C4D}"
EndProject
Project("{FAE04EC0-301F-11D3-BF4B-00C04F79EFBC}") = "GnOuGo.Browser.Mcp", "src\GnOuGo.Browser.Mcp\GnOuGo.Browser.Mcp.csproj", "{5857C9FD-8487-4702-93C2-6FB87286121E}"
EndProject
Project("{FAE04EC0-301F-11D3-BF4B-00C04F79EFBC}") = "GnOuGo.Browser.Mcp.Tests", "tests\GnOuGo.Browser.Mcp.Tests\GnOuGo.Browser.Mcp.Tests.csproj", "{00C2C0D3-2631-4457-8BA2-678B4BC19175}"
EndProject
Global
	GlobalSection(SolutionConfigurationPlatforms) = preSolution
		Debug|Any CPU = Debug|Any CPU
		Debug|x64 = Debug|x64
		Debug|x86 = Debug|x86
		Release|Any CPU = Release|Any CPU
		Release|x64 = Release|x64
		Release|x86 = Release|x86
	EndGlobalSection
	GlobalSection(ProjectConfigurationPlatforms) = postSolution
		{38DA470C-EAD7-4EC2-8AF9-5D31E2E70CD1}.Debug|Any CPU.ActiveCfg = Debug|Any CPU
		{38DA470C-EAD7-4EC2-8AF9-5D31E2E70CD1}.Debug|Any CPU.Build.0 = Debug|Any CPU
		{38DA470C-EAD7-4EC2-8AF9-5D31E2E70CD1}.Debug|x64.ActiveCfg = Debug|Any CPU
		{38DA470C-EAD7-4EC2-8AF9-5D31E2E70CD1}.Debug|x64.Build.0 = Debug|Any CPU
		{38DA470C-EAD7-4EC2-8AF9-5D31E2E70CD1}.Debug|x86.ActiveCfg = Debug|Any CPU
		{38DA470C-EAD7-4EC2-8AF9-5D31E2E70CD1}.Debug|x86.Build.0 = Debug|Any CPU
		{38DA470C-EAD7-4EC2-8AF9-5D31E2E70CD1}.Release|Any CPU.ActiveCfg = Release|Any CPU
		{38DA470C-EAD7-4EC2-8AF9-5D31E2E70CD1}.Release|Any CPU.Build.0 = Release|Any CPU
		{38DA470C-EAD7-4EC2-8AF9-5D31E2E70CD1}.Release|x64.ActiveCfg = Release|Any CPU
		{38DA470C-EAD7-4EC2-8AF9-5D31E2E70CD1}.Release|x64.Build.0 = Release|Any CPU
		{38DA470C-EAD7-4EC2-8AF9-5D31E2E70CD1}.Release|x86.ActiveCfg = Release|Any CPU
		{38DA470C-EAD7-4EC2-8AF9-5D31E2E70CD1}.Release|x86.Build.0 = Release|Any CPU
		{DF76C949-BE5A-46D2-80A0-627792D183A2}.Debug|Any CPU.ActiveCfg = Debug|Any CPU
		{DF76C949-BE5A-46D2-80A0-627792D183A2}.Debug|Any CPU.Build.0 = Debug|Any CPU
		{DF76C949-BE5A-46D2-80A0-627792D183A2}.Debug|x64.ActiveCfg = Debug|Any CPU
		{DF76C949-BE5A-46D2-80A0-627792D183A2}.Debug|x64.Build.0 = Debug|Any CPU
		{DF76C949-BE5A-46D2-80A0-627792D183A2}.Debug|x86.ActiveCfg = Debug|Any CPU
		{DF76C949-BE5A-46D2-80A0-627792D183A2}.Debug|x86.Build.0 = Debug|Any CPU
		{DF76C949-BE5A-46D2-80A0-627792D183A2}.Release|Any CPU.ActiveCfg = Release|Any CPU
		{DF76C949-BE5A-46D2-80A0-627792D183A2}.Release|Any CPU.Build.0 = Release|Any CPU
		{DF76C949-BE5A-46D2-80A0-627792D183A2}.Release|x64.ActiveCfg = Release|Any CPU
		{DF76C949-BE5A-46D2-80A0-627792D183A2}.Release|x64.Build.0 = Release|Any CPU
		{DF76C949-BE5A-46D2-80A0-627792D183A2}.Release|x86.ActiveCfg = Release|Any CPU
		{DF76C949-BE5A-46D2-80A0-627792D183A2}.Release|x86.Build.0 = Release|Any CPU
		{82B310D2-9D7C-49D1-8711-76CA33D0CB00}.Debug|Any CPU.ActiveCfg = Debug|Any CPU
		{82B310D2-9D7C-49D1-8711-76CA33D0CB00}.Debug|Any CPU.Build.0 = Debug|Any CPU
		{82B310D2-9D7C-49D1-8711-76CA33D0CB00}.Debug|x64.ActiveCfg = Debug|Any CPU
		{82B310D2-9D7C-49D1-8711-76CA33D0CB00}.Debug|x64.Build.0 = Debug|Any CPU
		{82B310D2-9D7C-49D1-8711-76CA33D0CB00}.Debug|x86.ActiveCfg = Debug|Any CPU
		{82B310D2-9D7C-49D1-8711-76CA33D0CB00}.Debug|x86.Build.0 = Debug|Any CPU
		{82B310D2-9D7C-49D1-8711-76CA33D0CB00}.Release|Any CPU.ActiveCfg = Release|Any CPU
		{82B310D2-9D7C-49D1-8711-76CA33D0CB00}.Release|Any CPU.Build.0 = Release|Any CPU
		{82B310D2-9D7C-49D1-8711-76CA33D0CB00}.Release|x64.ActiveCfg = Release|Any CPU
		{82B310D2-9D7C-49D1-8711-76CA33D0CB00}.Release|x64.Build.0 = Release|Any CPU
		{82B310D2-9D7C-49D1-8711-76CA33D0CB00}.Release|x86.ActiveCfg = Release|Any CPU
		{82B310D2-9D7C-49D1-8711-76CA33D0CB00}.Release|x86.Build.0 = Release|Any CPU
		{843EC643-9FAE-4933-9E06-77BD0788A811}.Debug|Any CPU.ActiveCfg = Debug|Any CPU
		{843EC643-9FAE-4933-9E06-77BD0788A811}.Debug|Any CPU.Build.0 = Debug|Any CPU
		{843EC643-9FAE-4933-9E06-77BD0788A811}.Debug|x64.ActiveCfg = Debug|Any CPU
		{843EC643-9FAE-4933-9E06-77BD0788A811}.Debug|x64.Build.0 = Debug|Any CPU
		{843EC643-9FAE-4933-9E06-77BD0788A811}.Debug|x86.ActiveCfg = Debug|Any CPU
		{843EC643-9FAE-4933-9E06-77BD0788A811}.Debug|x86.Build.0 = Debug|Any CPU
		{843EC643-9FAE-4933-9E06-77BD0788A811}.Release|Any CPU.ActiveCfg = Release|Any CPU
		{843EC643-9FAE-4933-9E06-77BD0788A811}.Release|Any CPU.Build.0 = Release|Any CPU
		{843EC643-9FAE-4933-9E06-77BD0788A811}.Release|x64.ActiveCfg = Release|Any CPU
		{843EC643-9FAE-4933-9E06-77BD0788A811}.Release|x64.Build.0 = Release|Any CPU
		{843EC643-9FAE-4933-9E06-77BD0788A811}.Release|x86.ActiveCfg = Release|Any CPU
		{843EC643-9FAE-4933-9E06-77BD0788A811}.Release|x86.Build.0 = Release|Any CPU
		{4B4D2B7D-D9C7-4822-9478-8595DD0A03E5}.Debug|Any CPU.ActiveCfg = Debug|Any CPU
		{4B4D2B7D-D9C7-4822-9478-8595DD0A03E5}.Debug|Any CPU.Build.0 = Debug|Any CPU
		{4B4D2B7D-D9C7-4822-9478-8595DD0A03E5}.Debug|x64.ActiveCfg = Debug|Any CPU
		{4B4D2B7D-D9C7-4822-9478-8595DD0A03E5}.Debug|x64.Build.0 = Debug|Any CPU
		{4B4D2B7D-D9C7-4822-9478-8595DD0A03E5}.Debug|x86.ActiveCfg = Debug|Any CPU
		{4B4D2B7D-D9C7-4822-9478-8595DD0A03E5}.Debug|x86.Build.0 = Debug|Any CPU
		{4B4D2B7D-D9C7-4822-9478-8595DD0A03E5}.Release|Any CPU.ActiveCfg = Release|Any CPU
		{4B4D2B7D-D9C7-4822-9478-8595DD0A03E5}.Release|Any CPU.Build.0 = Release|Any CPU
		{4B4D2B7D-D9C7-4822-9478-8595DD0A03E5}.Release|x64.ActiveCfg = Release|Any CPU
		{4B4D2B7D-D9C7-4822-9478-8595DD0A03E5}.Release|x64.Build.0 = Release|Any CPU
		{4B4D2B7D-D9C7-4822-9478-8595DD0A03E5}.Release|x86.ActiveCfg = Release|Any CPU
		{4B4D2B7D-D9C7-4822-9478-8595DD0A03E5}.Release|x86.Build.0 = Release|Any CPU
		{A085E99B-3E68-4E67-806B-9A8A96729FC1}.Debug|Any CPU.ActiveCfg = Debug|Any CPU
		{A085E99B-3E68-4E67-806B-9A8A96729FC1}.Debug|Any CPU.Build.0 = Debug|Any CPU
		{A085E99B-3E68-4E67-806B-9A8A96729FC1}.Debug|x64.ActiveCfg = Debug|Any CPU
		{A085E99B-3E68-4E67-806B-9A8A96729FC1}.Debug|x64.Build.0 = Debug|Any CPU
		{A085E99B-3E68-4E67-806B-9A8A96729FC1}.Debug|x86.ActiveCfg = Debug|Any CPU
		{A085E99B-3E68-4E67-806B-9A8A96729FC1}.Debug|x86.Build.0 = Debug|Any CPU
		{A085E99B-3E68-4E67-806B-9A8A96729FC1}.Release|Any CPU.ActiveCfg = Release|Any CPU
		{A085E99B-3E68-4E67-806B-9A8A96729FC1}.Release|Any CPU.Build.0 = Release|Any CPU
		{A085E99B-3E68-4E67-806B-9A8A96729FC1}.Release|x64.ActiveCfg = Release|Any CPU
		{A085E99B-3E68-4E67-806B-9A8A96729FC1}.Release|x64.Build.0 = Release|Any CPU
		{A085E99B-3E68-4E67-806B-9A8A96729FC1}.Release|x86.ActiveCfg = Release|Any CPU
		{A085E99B-3E68-4E67-806B-9A8A96729FC1}.Release|x86.Build.0 = Release|Any CPU
		{953EC332-5547-47E8-AED9-9B06D8ECFA87}.Debug|Any CPU.ActiveCfg = Debug|Any CPU
		{953EC332-5547-47E8-AED9-9B06D8ECFA87}.Debug|Any CPU.Build.0 = Debug|Any CPU
		{953EC332-5547-47E8-AED9-9B06D8ECFA87}.Debug|x64.ActiveCfg = Debug|Any CPU
		{953EC332-5547-47E8-AED9-9B06D8ECFA87}.Debug|x64.Build.0 = Debug|Any CPU
		{953EC332-5547-47E8-AED9-9B06D8ECFA87}.Debug|x86.ActiveCfg = Debug|Any CPU
		{953EC332-5547-47E8-AED9-9B06D8ECFA87}.Debug|x86.Build.0 = Debug|Any CPU
		{953EC332-5547-47E8-AED9-9B06D8ECFA87}.Release|Any CPU.ActiveCfg = Release|Any CPU
		{953EC332-5547-47E8-AED9-9B06D8ECFA87}.Release|Any CPU.Build.0 = Release|Any CPU
		{953EC332-5547-47E8-AED9-9B06D8ECFA87}.Release|x64.ActiveCfg = Release|Any CPU
		{953EC332-5547-47E8-AED9-9B06D8ECFA87}.Release|x64.Build.0 = Release|Any CPU
		{953EC332-5547-47E8-AED9-9B06D8ECFA87}.Release|x86.ActiveCfg = Release|Any CPU
		{953EC332-5547-47E8-AED9-9B06D8ECFA87}.Release|x86.Build.0 = Release|Any CPU
		{FB2F1C54-AA82-48EA-80F4-F563B403C1FD}.Debug|Any CPU.ActiveCfg = Debug|Any CPU
		{FB2F1C54-AA82-48EA-80F4-F563B403C1FD}.Debug|Any CPU.Build.0 = Debug|Any CPU
		{FB2F1C54-AA82-48EA-80F4-F563B403C1FD}.Debug|x64.ActiveCfg = Debug|Any CPU
		{FB2F1C54-AA82-48EA-80F4-F563B403C1FD}.Debug|x64.Build.0 = Debug|Any CPU
		{FB2F1C54-AA82-48EA-80F4-F563B403C1FD}.Debug|x86.ActiveCfg = Debug|Any CPU
		{FB2F1C54-AA82-48EA-80F4-F563B403C1FD}.Debug|x86.Build.0 = Debug|Any CPU
		{FB2F1C54-AA82-48EA-80F4-F563B403C1FD}.Release|Any CPU.ActiveCfg = Release|Any CPU
		{FB2F1C54-AA82-48EA-80F4-F563B403C1FD}.Release|Any CPU.Build.0 = Release|Any CPU
		{FB2F1C54-AA82-48EA-80F4-F563B403C1FD}.Release|x64.ActiveCfg = Release|Any CPU
		{FB2F1C54-AA82-48EA-80F4-F563B403C1FD}.Release|x64.Build.0 = Release|Any CPU
		{FB2F1C54-AA82-48EA-80F4-F563B403C1FD}.Release|x86.ActiveCfg = Release|Any CPU
		{FB2F1C54-AA82-48EA-80F4-F563B403C1FD}.Release|x86.Build.0 = Release|Any CPU
		{E433193E-C0F3-4215-B6CA-37B3F9CD4C4D}.Debug|Any CPU.ActiveCfg = Debug|Any CPU
		{E433193E-C0F3-4215-B6CA-37B3F9CD4C4D}.Debug|Any CPU.Build.0 = Debug|Any CPU
		{E433193E-C0F3-4215-B6CA-37B3F9CD4C4D}.Debug|x64.ActiveCfg = Debug|Any CPU
		{E433193E-C0F3-4215-B6CA-37B3F9CD4C4D}.Debug|x64.Build.0 = Debug|Any CPU
		{E433193E-C0F3-4215-B6CA-37B3F9CD4C4D}.Debug|x86.ActiveCfg = Debug|Any CPU
		{E433193E-C0F3-4215-B6CA-37B3F9CD4C4D}.Debug|x86.Build.0 = Debug|Any CPU
		{E433193E-C0F3-4215-B6CA-37B3F9CD4C4D}.Release|Any CPU.ActiveCfg = Release|Any CPU
		{E433193E-C0F3-4215-B6CA-37B3F9CD4C4D}.Release|Any CPU.Build.0 = Release|Any CPU
		{E433193E-C0F3-4215-B6CA-37B3F9CD4C4D}.Release|x64.ActiveCfg = Release|Any CPU
		{E433193E-C0F3-4215-B6CA-37B3F9CD4C4D}.Release|x64.Build.0 = Release|Any CPU
		{E433193E-C0F3-4215-B6CA-37B3F9CD4C4D}.Release|x86.ActiveCfg = Release|Any CPU
		{E433193E-C0F3-4215-B6CA-37B3F9CD4C4D}.Release|x86.Build.0 = Release|Any CPU
		{F1A2B3C4-D5E6-4F78-9A01-2B3C4D5E6F78}.Debug|Any CPU.ActiveCfg = Debug|Any CPU
		{F1A2B3C4-D5E6-4F78-9A01-2B3C4D5E6F78}.Debug|Any CPU.Build.0 = Debug|Any CPU
		{F1A2B3C4-D5E6-4F78-9A01-2B3C4D5E6F78}.Debug|x64.ActiveCfg = Debug|Any CPU
		{F1A2B3C4-D5E6-4F78-9A01-2B3C4D5E6F78}.Debug|x64.Build.0 = Debug|Any CPU
		{F1A2B3C4-D5E6-4F78-9A01-2B3C4D5E6F78}.Debug|x86.ActiveCfg = Debug|Any CPU
		{F1A2B3C4-D5E6-4F78-9A01-2B3C4D5E6F78}.Debug|x86.Build.0 = Debug|Any CPU
		{F1A2B3C4-D5E6-4F78-9A01-2B3C4D5E6F78}.Release|Any CPU.ActiveCfg = Release|Any CPU
		{F1A2B3C4-D5E6-4F78-9A01-2B3C4D5E6F78}.Release|Any CPU.Build.0 = Release|Any CPU
		{F1A2B3C4-D5E6-4F78-9A01-2B3C4D5E6F78}.Release|x64.ActiveCfg = Release|Any CPU
		{F1A2B3C4-D5E6-4F78-9A01-2B3C4D5E6F78}.Release|x64.Build.0 = Release|Any CPU
		{F1A2B3C4-D5E6-4F78-9A01-2B3C4D5E6F78}.Release|x86.ActiveCfg = Release|Any CPU
		{F1A2B3C4-D5E6-4F78-9A01-2B3C4D5E6F78}.Release|x86.Build.0 = Release|Any CPU
		{8632F297-12A5-476D-A7B0-5709A06E248F}.Debug|Any CPU.ActiveCfg = Debug|Any CPU
		{8632F297-12A5-476D-A7B0-5709A06E248F}.Debug|Any CPU.Build.0 = Debug|Any CPU
		{8632F297-12A5-476D-A7B0-5709A06E248F}.Debug|x64.ActiveCfg = Debug|Any CPU
		{8632F297-12A5-476D-A7B0-5709A06E248F}.Debug|x64.Build.0 = Debug|Any CPU
		{8632F297-12A5-476D-A7B0-5709A06E248F}.Debug|x86.ActiveCfg = Debug|Any CPU
		{8632F297-12A5-476D-A7B0-5709A06E248F}.Debug|x86.Build.0 = Debug|Any CPU
		{8632F297-12A5-476D-A7B0-5709A06E248F}.Release|Any CPU.ActiveCfg = Release|Any CPU
		{8632F297-12A5-476D-A7B0-5709A06E248F}.Release|Any CPU.Build.0 = Release|Any CPU
		{8632F297-12A5-476D-A7B0-5709A06E248F}.Release|x64.ActiveCfg = Release|Any CPU
		{8632F297-12A5-476D-A7B0-5709A06E248F}.Release|x64.Build.0 = Release|Any CPU
		{8632F297-12A5-476D-A7B0-5709A06E248F}.Release|x86.ActiveCfg = Release|Any CPU
		{8632F297-12A5-476D-A7B0-5709A06E248F}.Release|x86.Build.0 = Release|Any CPU
		{90700E2C-EC5D-498F-B0A2-D6BB00934839}.Debug|Any CPU.ActiveCfg = Debug|Any CPU
		{90700E2C-EC5D-498F-B0A2-D6BB00934839}.Debug|Any CPU.Build.0 = Debug|Any CPU
		{90700E2C-EC5D-498F-B0A2-D6BB00934839}.Debug|x64.ActiveCfg = Debug|Any CPU
		{90700E2C-EC5D-498F-B0A2-D6BB00934839}.Debug|x64.Build.0 = Debug|Any CPU
		{90700E2C-EC5D-498F-B0A2-D6BB00934839}.Debug|x86.ActiveCfg = Debug|Any CPU
		{90700E2C-EC5D-498F-B0A2-D6BB00934839}.Debug|x86.Build.0 = Debug|Any CPU
		{90700E2C-EC5D-498F-B0A2-D6BB00934839}.Release|Any CPU.ActiveCfg = Release|Any CPU
		{90700E2C-EC5D-498F-B0A2-D6BB00934839}.Release|Any CPU.Build.0 = Release|Any CPU
		{90700E2C-EC5D-498F-B0A2-D6BB00934839}.Release|x64.ActiveCfg = Release|Any CPU
		{90700E2C-EC5D-498F-B0A2-D6BB00934839}.Release|x64.Build.0 = Release|Any CPU
		{90700E2C-EC5D-498F-B0A2-D6BB00934839}.Release|x86.ActiveCfg = Release|Any CPU
		{90700E2C-EC5D-498F-B0A2-D6BB00934839}.Release|x86.Build.0 = Release|Any CPU
		{A50B22F2-E97E-4859-81AE-58FF03E5FEA8}.Debug|Any CPU.ActiveCfg = Debug|Any CPU
		{A50B22F2-E97E-4859-81AE-58FF03E5FEA8}.Debug|Any CPU.Build.0 = Debug|Any CPU
		{A50B22F2-E97E-4859-81AE-58FF03E5FEA8}.Debug|x64.ActiveCfg = Debug|Any CPU
		{A50B22F2-E97E-4859-81AE-58FF03E5FEA8}.Debug|x64.Build.0 = Debug|Any CPU
		{A50B22F2-E97E-4859-81AE-58FF03E5FEA8}.Debug|x86.ActiveCfg = Debug|Any CPU
		{A50B22F2-E97E-4859-81AE-58FF03E5FEA8}.Debug|x86.Build.0 = Debug|Any CPU
		{A50B22F2-E97E-4859-81AE-58FF03E5FEA8}.Release|Any CPU.ActiveCfg = Release|Any CPU
		{A50B22F2-E97E-4859-81AE-58FF03E5FEA8}.Release|Any CPU.Build.0 = Release|Any CPU
		{A50B22F2-E97E-4859-81AE-58FF03E5FEA8}.Release|x64.ActiveCfg = Release|Any CPU
		{A50B22F2-E97E-4859-81AE-58FF03E5FEA8}.Release|x64.Build.0 = Release|Any CPU
		{A50B22F2-E97E-4859-81AE-58FF03E5FEA8}.Release|x86.ActiveCfg = Release|Any CPU
		{A50B22F2-E97E-4859-81AE-58FF03E5FEA8}.Release|x86.Build.0 = Release|Any CPU
		{4C008F50-016E-4F99-826A-F3867D7B3B9D}.Debug|Any CPU.ActiveCfg = Debug|Any CPU
		{4C008F50-016E-4F99-826A-F3867D7B3B9D}.Debug|Any CPU.Build.0 = Debug|Any CPU
		{4C008F50-016E-4F99-826A-F3867D7B3B9D}.Debug|x64.ActiveCfg = Debug|Any CPU
		{4C008F50-016E-4F99-826A-F3867D7B3B9D}.Debug|x64.Build.0 = Debug|Any CPU
		{4C008F50-016E-4F99-826A-F3867D7B3B9D}.Debug|x86.ActiveCfg = Debug|Any CPU
		{4C008F50-016E-4F99-826A-F3867D7B3B9D}.Debug|x86.Build.0 = Debug|Any CPU
		{4C008F50-016E-4F99-826A-F3867D7B3B9D}.Release|Any CPU.ActiveCfg = Release|Any CPU
		{4C008F50-016E-4F99-826A-F3867D7B3B9D}.Release|Any CPU.Build.0 = Release|Any CPU
		{4C008F50-016E-4F99-826A-F3867D7B3B9D}.Release|x64.ActiveCfg = Release|Any CPU
		{4C008F50-016E-4F99-826A-F3867D7B3B9D}.Release|x64.Build.0 = Release|Any CPU
		{4C008F50-016E-4F99-826A-F3867D7B3B9D}.Release|x86.ActiveCfg = Release|Any CPU
		{4C008F50-016E-4F99-826A-F3867D7B3B9D}.Release|x86.Build.0 = Release|Any CPU
		{DC2061E4-4454-4055-8BD1-4B85B24B8948}.Debug|Any CPU.ActiveCfg = Debug|Any CPU
		{DC2061E4-4454-4055-8BD1-4B85B24B8948}.Debug|Any CPU.Build.0 = Debug|Any CPU
		{DC2061E4-4454-4055-8BD1-4B85B24B8948}.Debug|x64.ActiveCfg = Debug|Any CPU
		{DC2061E4-4454-4055-8BD1-4B85B24B8948}.Debug|x64.Build.0 = Debug|Any CPU
		{DC2061E4-4454-4055-8BD1-4B85B24B8948}.Debug|x86.ActiveCfg = Debug|Any CPU
		{DC2061E4-4454-4055-8BD1-4B85B24B8948}.Debug|x86.Build.0 = Debug|Any CPU
		{DC2061E4-4454-4055-8BD1-4B85B24B8948}.Release|Any CPU.ActiveCfg = Release|Any CPU
		{DC2061E4-4454-4055-8BD1-4B85B24B8948}.Release|Any CPU.Build.0 = Release|Any CPU
		{DC2061E4-4454-4055-8BD1-4B85B24B8948}.Release|x64.ActiveCfg = Release|Any CPU
		{DC2061E4-4454-4055-8BD1-4B85B24B8948}.Release|x64.Build.0 = Release|Any CPU
		{DC2061E4-4454-4055-8BD1-4B85B24B8948}.Release|x86.ActiveCfg = Release|Any CPU
		{DC2061E4-4454-4055-8BD1-4B85B24B8948}.Release|x86.Build.0 = Release|Any CPU
		{F1FBFB62-B7B1-4E77-98D5-37DF19DCC1A8}.Debug|Any CPU.ActiveCfg = Debug|Any CPU
		{F1FBFB62-B7B1-4E77-98D5-37DF19DCC1A8}.Debug|Any CPU.Build.0 = Debug|Any CPU
		{F1FBFB62-B7B1-4E77-98D5-37DF19DCC1A8}.Debug|x64.ActiveCfg = Debug|Any CPU
		{F1FBFB62-B7B1-4E77-98D5-37DF19DCC1A8}.Debug|x64.Build.0 = Debug|Any CPU
		{F1FBFB62-B7B1-4E77-98D5-37DF19DCC1A8}.Debug|x86.ActiveCfg = Debug|Any CPU
		{F1FBFB62-B7B1-4E77-98D5-37DF19DCC1A8}.Debug|x86.Build.0 = Debug|Any CPU
		{F1FBFB62-B7B1-4E77-98D5-37DF19DCC1A8}.Release|Any CPU.ActiveCfg = Release|Any CPU
		{F1FBFB62-B7B1-4E77-98D5-37DF19DCC1A8}.Release|Any CPU.Build.0 = Release|Any CPU
		{F1FBFB62-B7B1-4E77-98D5-37DF19DCC1A8}.Release|x64.ActiveCfg = Release|Any CPU
		{F1FBFB62-B7B1-4E77-98D5-37DF19DCC1A8}.Release|x64.Build.0 = Release|Any CPU
		{F1FBFB62-B7B1-4E77-98D5-37DF19DCC1A8}.Release|x86.ActiveCfg = Release|Any CPU
		{F1FBFB62-B7B1-4E77-98D5-37DF19DCC1A8}.Release|x86.Build.0 = Release|Any CPU
		{1F2FD2F1-C17B-4663-8AE3-A3CB4B354580}.Debug|Any CPU.ActiveCfg = Debug|Any CPU
		{1F2FD2F1-C17B-4663-8AE3-A3CB4B354580}.Debug|Any CPU.Build.0 = Debug|Any CPU
		{1F2FD2F1-C17B-4663-8AE3-A3CB4B354580}.Debug|x64.ActiveCfg = Debug|Any CPU
		{1F2FD2F1-C17B-4663-8AE3-A3CB4B354580}.Debug|x64.Build.0 = Debug|Any CPU
		{1F2FD2F1-C17B-4663-8AE3-A3CB4B354580}.Debug|x86.ActiveCfg = Debug|Any CPU
		{1F2FD2F1-C17B-4663-8AE3-A3CB4B354580}.Debug|x86.Build.0 = Debug|Any CPU
		{1F2FD2F1-C17B-4663-8AE3-A3CB4B354580}.Release|Any CPU.ActiveCfg = Release|Any CPU
		{1F2FD2F1-C17B-4663-8AE3-A3CB4B354580}.Release|Any CPU.Build.0 = Release|Any CPU
		{1F2FD2F1-C17B-4663-8AE3-A3CB4B354580}.Release|x64.ActiveCfg = Release|Any CPU
		{1F2FD2F1-C17B-4663-8AE3-A3CB4B354580}.Release|x64.Build.0 = Release|Any CPU
		{1F2FD2F1-C17B-4663-8AE3-A3CB4B354580}.Release|x86.ActiveCfg = Release|Any CPU
		{1F2FD2F1-C17B-4663-8AE3-A3CB4B354580}.Release|x86.Build.0 = Release|Any CPU
		{E3F199C5-C0EF-4D75-AE6C-A8F366B998E2}.Debug|Any CPU.ActiveCfg = Debug|Any CPU
		{E3F199C5-C0EF-4D75-AE6C-A8F366B998E2}.Debug|Any CPU.Build.0 = Debug|Any CPU
		{E3F199C5-C0EF-4D75-AE6C-A8F366B998E2}.Debug|x64.ActiveCfg = Debug|Any CPU
		{E3F199C5-C0EF-4D75-AE6C-A8F366B998E2}.Debug|x64.Build.0 = Debug|Any CPU
		{E3F199C5-C0EF-4D75-AE6C-A8F366B998E2}.Debug|x86.ActiveCfg = Debug|Any CPU
		{E3F199C5-C0EF-4D75-AE6C-A8F366B998E2}.Debug|x86.Build.0 = Debug|Any CPU
		{E3F199C5-C0EF-4D75-AE6C-A8F366B998E2}.Release|Any CPU.ActiveCfg = Release|Any CPU
		{E3F199C5-C0EF-4D75-AE6C-A8F366B998E2}.Release|Any CPU.Build.0 = Release|Any CPU
		{E3F199C5-C0EF-4D75-AE6C-A8F366B998E2}.Release|x64.ActiveCfg = Release|Any CPU
		{E3F199C5-C0EF-4D75-AE6C-A8F366B998E2}.Release|x64.Build.0 = Release|Any CPU
		{E3F199C5-C0EF-4D75-AE6C-A8F366B998E2}.Release|x86.ActiveCfg = Release|Any CPU
		{E3F199C5-C0EF-4D75-AE6C-A8F366B998E2}.Release|x86.Build.0 = Release|Any CPU
		{83E04E7F-4CF2-4E99-93EC-96F86B59DD69}.Debug|Any CPU.ActiveCfg = Debug|Any CPU
		{83E04E7F-4CF2-4E99-93EC-96F86B59DD69}.Debug|Any CPU.Build.0 = Debug|Any CPU
		{83E04E7F-4CF2-4E99-93EC-96F86B59DD69}.Debug|x64.ActiveCfg = Debug|Any CPU
		{83E04E7F-4CF2-4E99-93EC-96F86B59DD69}.Debug|x64.Build.0 = Debug|Any CPU
		{83E04E7F-4CF2-4E99-93EC-96F86B59DD69}.Debug|x86.ActiveCfg = Debug|Any CPU
		{83E04E7F-4CF2-4E99-93EC-96F86B59DD69}.Debug|x86.Build.0 = Debug|Any CPU
		{83E04E7F-4CF2-4E99-93EC-96F86B59DD69}.Release|Any CPU.ActiveCfg = Release|Any CPU
		{83E04E7F-4CF2-4E99-93EC-96F86B59DD69}.Release|Any CPU.Build.0 = Release|Any CPU
		{83E04E7F-4CF2-4E99-93EC-96F86B59DD69}.Release|x64.ActiveCfg = Release|Any CPU
		{83E04E7F-4CF2-4E99-93EC-96F86B59DD69}.Release|x64.Build.0 = Release|Any CPU
		{83E04E7F-4CF2-4E99-93EC-96F86B59DD69}.Release|x86.ActiveCfg = Release|Any CPU
		{83E04E7F-4CF2-4E99-93EC-96F86B59DD69}.Release|x86.Build.0 = Release|Any CPU
		{9B827EBF-209E-41D0-845F-E910BC4CA62C}.Debug|Any CPU.ActiveCfg = Debug|Any CPU
		{9B827EBF-209E-41D0-845F-E910BC4CA62C}.Debug|Any CPU.Build.0 = Debug|Any CPU
		{9B827EBF-209E-41D0-845F-E910BC4CA62C}.Debug|x64.ActiveCfg = Debug|Any CPU
		{9B827EBF-209E-41D0-845F-E910BC4CA62C}.Debug|x64.Build.0 = Debug|Any CPU
		{9B827EBF-209E-41D0-845F-E910BC4CA62C}.Debug|x86.ActiveCfg = Debug|Any CPU
		{9B827EBF-209E-41D0-845F-E910BC4CA62C}.Debug|x86.Build.0 = Debug|Any CPU
		{9B827EBF-209E-41D0-845F-E910BC4CA62C}.Release|Any CPU.ActiveCfg = Release|Any CPU
		{9B827EBF-209E-41D0-845F-E910BC4CA62C}.Release|Any CPU.Build.0 = Release|Any CPU
		{9B827EBF-209E-41D0-845F-E910BC4CA62C}.Release|x64.ActiveCfg = Release|Any CPU
		{9B827EBF-209E-41D0-845F-E910BC4CA62C}.Release|x64.Build.0 = Release|Any CPU
		{9B827EBF-209E-41D0-845F-E910BC4CA62C}.Release|x86.ActiveCfg = Release|Any CPU
		{9B827EBF-209E-41D0-845F-E910BC4CA62C}.Release|x86.Build.0 = Release|Any CPU
		{4E25EE65-3629-4ED0-8B24-BB294889AD14}.Debug|Any CPU.ActiveCfg = Debug|Any CPU
		{4E25EE65-3629-4ED0-8B24-BB294889AD14}.Debug|Any CPU.Build.0 = Debug|Any CPU
		{4E25EE65-3629-4ED0-8B24-BB294889AD14}.Debug|x64.ActiveCfg = Debug|Any CPU
		{4E25EE65-3629-4ED0-8B24-BB294889AD14}.Debug|x64.Build.0 = Debug|Any CPU
		{4E25EE65-3629-4ED0-8B24-BB294889AD14}.Debug|x86.ActiveCfg = Debug|Any CPU
		{4E25EE65-3629-4ED0-8B24-BB294889AD14}.Debug|x86.Build.0 = Debug|Any CPU
		{4E25EE65-3629-4ED0-8B24-BB294889AD14}.Release|Any CPU.ActiveCfg = Release|Any CPU
		{4E25EE65-3629-4ED0-8B24-BB294889AD14}.Release|Any CPU.Build.0 = Release|Any CPU
		{4E25EE65-3629-4ED0-8B24-BB294889AD14}.Release|x64.ActiveCfg = Release|Any CPU
		{4E25EE65-3629-4ED0-8B24-BB294889AD14}.Release|x64.Build.0 = Release|Any CPU
		{4E25EE65-3629-4ED0-8B24-BB294889AD14}.Release|x86.ActiveCfg = Release|Any CPU
		{4E25EE65-3629-4ED0-8B24-BB294889AD14}.Release|x86.Build.0 = Release|Any CPU
		{62A608BB-720F-44CF-8FA4-510144AD4F03}.Debug|Any CPU.ActiveCfg = Debug|Any CPU
		{62A608BB-720F-44CF-8FA4-510144AD4F03}.Debug|Any CPU.Build.0 = Debug|Any CPU
		{62A608BB-720F-44CF-8FA4-510144AD4F03}.Debug|x64.ActiveCfg = Debug|Any CPU
		{62A608BB-720F-44CF-8FA4-510144AD4F03}.Debug|x64.Build.0 = Debug|Any CPU
		{62A608BB-720F-44CF-8FA4-510144AD4F03}.Debug|x86.ActiveCfg = Debug|Any CPU
		{62A608BB-720F-44CF-8FA4-510144AD4F03}.Debug|x86.Build.0 = Debug|Any CPU
		{62A608BB-720F-44CF-8FA4-510144AD4F03}.Release|Any CPU.ActiveCfg = Release|Any CPU
		{62A608BB-720F-44CF-8FA4-510144AD4F03}.Release|Any CPU.Build.0 = Release|Any CPU
		{62A608BB-720F-44CF-8FA4-510144AD4F03}.Release|x64.ActiveCfg = Release|Any CPU
		{62A608BB-720F-44CF-8FA4-510144AD4F03}.Release|x64.Build.0 = Release|Any CPU
		{62A608BB-720F-44CF-8FA4-510144AD4F03}.Release|x86.ActiveCfg = Release|Any CPU
		{62A608BB-720F-44CF-8FA4-510144AD4F03}.Release|x86.Build.0 = Release|Any CPU
		{B42245B1-C6ED-4739-AEB3-CDB3062B1D94}.Debug|Any CPU.ActiveCfg = Debug|Any CPU
		{B42245B1-C6ED-4739-AEB3-CDB3062B1D94}.Debug|Any CPU.Build.0 = Debug|Any CPU
		{B42245B1-C6ED-4739-AEB3-CDB3062B1D94}.Debug|x64.ActiveCfg = Debug|Any CPU
		{B42245B1-C6ED-4739-AEB3-CDB3062B1D94}.Debug|x64.Build.0 = Debug|Any CPU
		{B42245B1-C6ED-4739-AEB3-CDB3062B1D94}.Debug|x86.ActiveCfg = Debug|Any CPU
		{B42245B1-C6ED-4739-AEB3-CDB3062B1D94}.Debug|x86.Build.0 = Debug|Any CPU
		{B42245B1-C6ED-4739-AEB3-CDB3062B1D94}.Release|Any CPU.ActiveCfg = Release|Any CPU
		{B42245B1-C6ED-4739-AEB3-CDB3062B1D94}.Release|Any CPU.Build.0 = Release|Any CPU
		{B42245B1-C6ED-4739-AEB3-CDB3062B1D94}.Release|x64.ActiveCfg = Release|Any CPU
		{B42245B1-C6ED-4739-AEB3-CDB3062B1D94}.Release|x64.Build.0 = Release|Any CPU
		{B42245B1-C6ED-4739-AEB3-CDB3062B1D94}.Release|x86.ActiveCfg = Release|Any CPU
		{B42245B1-C6ED-4739-AEB3-CDB3062B1D94}.Release|x86.Build.0 = Release|Any CPU
		{4306C4F2-652F-4A28-AB3C-AC9F5FD8F5F7}.Debug|Any CPU.ActiveCfg = Debug|Any CPU
		{4306C4F2-652F-4A28-AB3C-AC9F5FD8F5F7}.Debug|Any CPU.Build.0 = Debug|Any CPU
		{4306C4F2-652F-4A28-AB3C-AC9F5FD8F5F7}.Debug|x64.ActiveCfg = Debug|Any CPU
		{4306C4F2-652F-4A28-AB3C-AC9F5FD8F5F7}.Debug|x64.Build.0 = Debug|Any CPU
		{4306C4F2-652F-4A28-AB3C-AC9F5FD8F5F7}.Debug|x86.ActiveCfg = Debug|Any CPU
		{4306C4F2-652F-4A28-AB3C-AC9F5FD8F5F7}.Debug|x86.Build.0 = Debug|Any CPU
		{4306C4F2-652F-4A28-AB3C-AC9F5FD8F5F7}.Release|Any CPU.ActiveCfg = Release|Any CPU
		{4306C4F2-652F-4A28-AB3C-AC9F5FD8F5F7}.Release|Any CPU.Build.0 = Release|Any CPU
		{4306C4F2-652F-4A28-AB3C-AC9F5FD8F5F7}.Release|x64.ActiveCfg = Release|Any CPU
		{4306C4F2-652F-4A28-AB3C-AC9F5FD8F5F7}.Release|x64.Build.0 = Release|Any CPU
		{4306C4F2-652F-4A28-AB3C-AC9F5FD8F5F7}.Release|x86.ActiveCfg = Release|Any CPU
		{4306C4F2-652F-4A28-AB3C-AC9F5FD8F5F7}.Release|x86.Build.0 = Release|Any CPU
		{46A45AAD-053B-4CE2-8FC5-538B96179DEB}.Debug|Any CPU.ActiveCfg = Debug|Any CPU
		{46A45AAD-053B-4CE2-8FC5-538B96179DEB}.Debug|Any CPU.Build.0 = Debug|Any CPU
		{46A45AAD-053B-4CE2-8FC5-538B96179DEB}.Debug|x64.ActiveCfg = Debug|Any CPU
		{46A45AAD-053B-4CE2-8FC5-538B96179DEB}.Debug|x64.Build.0 = Debug|Any CPU
		{46A45AAD-053B-4CE2-8FC5-538B96179DEB}.Debug|x86.ActiveCfg = Debug|Any CPU
		{46A45AAD-053B-4CE2-8FC5-538B96179DEB}.Debug|x86.Build.0 = Debug|Any CPU
		{46A45AAD-053B-4CE2-8FC5-538B96179DEB}.Release|Any CPU.ActiveCfg = Release|Any CPU
		{46A45AAD-053B-4CE2-8FC5-538B96179DEB}.Release|Any CPU.Build.0 = Release|Any CPU
		{46A45AAD-053B-4CE2-8FC5-538B96179DEB}.Release|x64.ActiveCfg = Release|Any CPU
		{46A45AAD-053B-4CE2-8FC5-538B96179DEB}.Release|x64.Build.0 = Release|Any CPU
		{46A45AAD-053B-4CE2-8FC5-538B96179DEB}.Release|x86.ActiveCfg = Release|Any CPU
		{46A45AAD-053B-4CE2-8FC5-538B96179DEB}.Release|x86.Build.0 = Release|Any CPU
		{85C9E7AA-6BF6-4A61-87A1-B6139A0416D8}.Debug|Any CPU.ActiveCfg = Debug|Any CPU
		{85C9E7AA-6BF6-4A61-87A1-B6139A0416D8}.Debug|Any CPU.Build.0 = Debug|Any CPU
		{85C9E7AA-6BF6-4A61-87A1-B6139A0416D8}.Debug|x64.ActiveCfg = Debug|Any CPU
		{85C9E7AA-6BF6-4A61-87A1-B6139A0416D8}.Debug|x64.Build.0 = Debug|Any CPU
		{85C9E7AA-6BF6-4A61-87A1-B6139A0416D8}.Debug|x86.ActiveCfg = Debug|Any CPU
		{85C9E7AA-6BF6-4A61-87A1-B6139A0416D8}.Debug|x86.Build.0 = Debug|Any CPU
		{85C9E7AA-6BF6-4A61-87A1-B6139A0416D8}.Release|Any CPU.ActiveCfg = Release|Any CPU
		{85C9E7AA-6BF6-4A61-87A1-B6139A0416D8}.Release|Any CPU.Build.0 = Release|Any CPU
		{85C9E7AA-6BF6-4A61-87A1-B6139A0416D8}.Release|x64.ActiveCfg = Release|Any CPU
		{85C9E7AA-6BF6-4A61-87A1-B6139A0416D8}.Release|x64.Build.0 = Release|Any CPU
		{85C9E7AA-6BF6-4A61-87A1-B6139A0416D8}.Release|x86.ActiveCfg = Release|Any CPU
		{85C9E7AA-6BF6-4A61-87A1-B6139A0416D8}.Release|x86.Build.0 = Release|Any CPU
		{61656935-E22C-4913-B29E-C0AAFFAE2E35}.Debug|Any CPU.ActiveCfg = Debug|Any CPU
		{61656935-E22C-4913-B29E-C0AAFFAE2E35}.Debug|Any CPU.Build.0 = Debug|Any CPU
		{61656935-E22C-4913-B29E-C0AAFFAE2E35}.Debug|x64.ActiveCfg = Debug|Any CPU
		{61656935-E22C-4913-B29E-C0AAFFAE2E35}.Debug|x64.Build.0 = Debug|Any CPU
		{61656935-E22C-4913-B29E-C0AAFFAE2E35}.Debug|x86.ActiveCfg = Debug|Any CPU
		{61656935-E22C-4913-B29E-C0AAFFAE2E35}.Debug|x86.Build.0 = Debug|Any CPU
		{61656935-E22C-4913-B29E-C0AAFFAE2E35}.Release|Any CPU.ActiveCfg = Release|Any CPU
		{61656935-E22C-4913-B29E-C0AAFFAE2E35}.Release|Any CPU.Build.0 = Release|Any CPU
		{61656935-E22C-4913-B29E-C0AAFFAE2E35}.Release|x64.ActiveCfg = Release|Any CPU
		{61656935-E22C-4913-B29E-C0AAFFAE2E35}.Release|x64.Build.0 = Release|Any CPU
		{61656935-E22C-4913-B29E-C0AAFFAE2E35}.Release|x86.ActiveCfg = Release|Any CPU
		{61656935-E22C-4913-B29E-C0AAFFAE2E35}.Release|x86.Build.0 = Release|Any CPU
		{84B7E78F-3816-48A8-8B39-10B74787559E}.Debug|Any CPU.ActiveCfg = Debug|Any CPU
		{84B7E78F-3816-48A8-8B39-10B74787559E}.Debug|Any CPU.Build.0 = Debug|Any CPU
		{84B7E78F-3816-48A8-8B39-10B74787559E}.Debug|x64.ActiveCfg = Debug|Any CPU
		{84B7E78F-3816-48A8-8B39-10B74787559E}.Debug|x64.Build.0 = Debug|Any CPU
		{84B7E78F-3816-48A8-8B39-10B74787559E}.Debug|x86.ActiveCfg = Debug|Any CPU
		{84B7E78F-3816-48A8-8B39-10B74787559E}.Debug|x86.Build.0 = Debug|Any CPU
		{84B7E78F-3816-48A8-8B39-10B74787559E}.Release|Any CPU.ActiveCfg = Release|Any CPU
		{84B7E78F-3816-48A8-8B39-10B74787559E}.Release|Any CPU.Build.0 = Release|Any CPU
		{84B7E78F-3816-48A8-8B39-10B74787559E}.Release|x64.ActiveCfg = Release|Any CPU
		{84B7E78F-3816-48A8-8B39-10B74787559E}.Release|x64.Build.0 = Release|Any CPU
		{84B7E78F-3816-48A8-8B39-10B74787559E}.Release|x86.ActiveCfg = Release|Any CPU
		{84B7E78F-3816-48A8-8B39-10B74787559E}.Release|x86.Build.0 = Release|Any CPU
		{C3FA4CA5-5440-4F29-8EF5-3AED3DBAD4C7}.Debug|Any CPU.ActiveCfg = Debug|Any CPU
		{C3FA4CA5-5440-4F29-8EF5-3AED3DBAD4C7}.Debug|Any CPU.Build.0 = Debug|Any CPU
		{C3FA4CA5-5440-4F29-8EF5-3AED3DBAD4C7}.Debug|x64.ActiveCfg = Debug|Any CPU
		{C3FA4CA5-5440-4F29-8EF5-3AED3DBAD4C7}.Debug|x64.Build.0 = Debug|Any CPU
		{C3FA4CA5-5440-4F29-8EF5-3AED3DBAD4C7}.Debug|x86.ActiveCfg = Debug|Any CPU
		{C3FA4CA5-5440-4F29-8EF5-3AED3DBAD4C7}.Debug|x86.Build.0 = Debug|Any CPU
		{C3FA4CA5-5440-4F29-8EF5-3AED3DBAD4C7}.Release|Any CPU.ActiveCfg = Release|Any CPU
		{C3FA4CA5-5440-4F29-8EF5-3AED3DBAD4C7}.Release|Any CPU.Build.0 = Release|Any CPU
		{C3FA4CA5-5440-4F29-8EF5-3AED3DBAD4C7}.Release|x64.ActiveCfg = Release|Any CPU
		{C3FA4CA5-5440-4F29-8EF5-3AED3DBAD4C7}.Release|x64.Build.0 = Release|Any CPU
		{C3FA4CA5-5440-4F29-8EF5-3AED3DBAD4C7}.Release|x86.ActiveCfg = Release|Any CPU
		{C3FA4CA5-5440-4F29-8EF5-3AED3DBAD4C7}.Release|x86.Build.0 = Release|Any CPU
		{EBEFFF35-E3F4-4EC6-B5B9-5D1D55CA1C4D}.Debug|Any CPU.ActiveCfg = Debug|Any CPU
		{EBEFFF35-E3F4-4EC6-B5B9-5D1D55CA1C4D}.Debug|Any CPU.Build.0 = Debug|Any CPU
		{EBEFFF35-E3F4-4EC6-B5B9-5D1D55CA1C4D}.Debug|x64.ActiveCfg = Debug|Any CPU
		{EBEFFF35-E3F4-4EC6-B5B9-5D1D55CA1C4D}.Debug|x64.Build.0 = Debug|Any CPU
		{EBEFFF35-E3F4-4EC6-B5B9-5D1D55CA1C4D}.Debug|x86.ActiveCfg = Debug|Any CPU
		{EBEFFF35-E3F4-4EC6-B5B9-5D1D55CA1C4D}.Debug|x86.Build.0 = Debug|Any CPU
		{EBEFFF35-E3F4-4EC6-B5B9-5D1D55CA1C4D}.Release|Any CPU.ActiveCfg = Release|Any CPU
		{EBEFFF35-E3F4-4EC6-B5B9-5D1D55CA1C4D}.Release|Any CPU.Build.0 = Release|Any CPU
		{EBEFFF35-E3F4-4EC6-B5B9-5D1D55CA1C4D}.Release|x64.ActiveCfg = Release|Any CPU
		{EBEFFF35-E3F4-4EC6-B5B9-5D1D55CA1C4D}.Release|x64.Build.0 = Release|Any CPU
		{EBEFFF35-E3F4-4EC6-B5B9-5D1D55CA1C4D}.Release|x86.ActiveCfg = Release|Any CPU
		{EBEFFF35-E3F4-4EC6-B5B9-5D1D55CA1C4D}.Release|x86.Build.0 = Release|Any CPU
		{5857C9FD-8487-4702-93C2-6FB87286121E}.Debug|Any CPU.ActiveCfg = Debug|Any CPU
		{5857C9FD-8487-4702-93C2-6FB87286121E}.Debug|Any CPU.Build.0 = Debug|Any CPU
		{5857C9FD-8487-4702-93C2-6FB87286121E}.Debug|x64.ActiveCfg = Debug|Any CPU
		{5857C9FD-8487-4702-93C2-6FB87286121E}.Debug|x64.Build.0 = Debug|Any CPU
		{5857C9FD-8487-4702-93C2-6FB87286121E}.Debug|x86.ActiveCfg = Debug|Any CPU
		{5857C9FD-8487-4702-93C2-6FB87286121E}.Debug|x86.Build.0 = Debug|Any CPU
		{5857C9FD-8487-4702-93C2-6FB87286121E}.Release|Any CPU.ActiveCfg = Release|Any CPU
		{5857C9FD-8487-4702-93C2-6FB87286121E}.Release|Any CPU.Build.0 = Release|Any CPU
		{5857C9FD-8487-4702-93C2-6FB87286121E}.Release|x64.ActiveCfg = Release|Any CPU
		{5857C9FD-8487-4702-93C2-6FB87286121E}.Release|x64.Build.0 = Release|Any CPU
		{5857C9FD-8487-4702-93C2-6FB87286121E}.Release|x86.ActiveCfg = Release|Any CPU
		{5857C9FD-8487-4702-93C2-6FB87286121E}.Release|x86.Build.0 = Release|Any CPU
		{00C2C0D3-2631-4457-8BA2-678B4BC19175}.Debug|Any CPU.ActiveCfg = Debug|Any CPU
		{00C2C0D3-2631-4457-8BA2-678B4BC19175}.Debug|Any CPU.Build.0 = Debug|Any CPU
		{00C2C0D3-2631-4457-8BA2-678B4BC19175}.Debug|x64.ActiveCfg = Debug|Any CPU
		{00C2C0D3-2631-4457-8BA2-678B4BC19175}.Debug|x64.Build.0 = Debug|Any CPU
		{00C2C0D3-2631-4457-8BA2-678B4BC19175}.Debug|x86.ActiveCfg = Debug|Any CPU
		{00C2C0D3-2631-4457-8BA2-678B4BC19175}.Debug|x86.Build.0 = Debug|Any CPU
		{00C2C0D3-2631-4457-8BA2-678B4BC19175}.Release|Any CPU.ActiveCfg = Release|Any CPU
		{00C2C0D3-2631-4457-8BA2-678B4BC19175}.Release|Any CPU.Build.0 = Release|Any CPU
		{00C2C0D3-2631-4457-8BA2-678B4BC19175}.Release|x64.ActiveCfg = Release|Any CPU
		{00C2C0D3-2631-4457-8BA2-678B4BC19175}.Release|x64.Build.0 = Release|Any CPU
		{00C2C0D3-2631-4457-8BA2-678B4BC19175}.Release|x86.ActiveCfg = Release|Any CPU
		{00C2C0D3-2631-4457-8BA2-678B4BC19175}.Release|x86.Build.0 = Release|Any CPU
	EndGlobalSection
	GlobalSection(SolutionProperties) = preSolution
		HideSolutionNode = FALSE
	EndGlobalSection
	GlobalSection(NestedProjects) = preSolution
		{38DA470C-EAD7-4EC2-8AF9-5D31E2E70CD1} = {DA820E35-AB45-4A88-9522-35BA905291D6}
		{DF76C949-BE5A-46D2-80A0-627792D183A2} = {DA820E35-AB45-4A88-9522-35BA905291D6}
		{82B310D2-9D7C-49D1-8711-76CA33D0CB00} = {DA820E35-AB45-4A88-9522-35BA905291D6}
		{843EC643-9FAE-4933-9E06-77BD0788A811} = {827E0CD3-B72D-47B6-A68D-7590B98EB39B}
		{4B4D2B7D-D9C7-4822-9478-8595DD0A03E5} = {5D5BF91B-BC6E-4F58-B445-5D4458702036}
		{A085E99B-3E68-4E67-806B-9A8A96729FC1} = {995A9891-DF6E-41DE-ABC1-DD74813956DA}
		{953EC332-5547-47E8-AED9-9B06D8ECFA87} = {995A9891-DF6E-41DE-ABC1-DD74813956DA}
		{FB2F1C54-AA82-48EA-80F4-F563B403C1FD} = {5D5BF91B-BC6E-4F58-B445-5D4458702036}
		{E433193E-C0F3-4215-B6CA-37B3F9CD4C4D} = {3A6A9022-2CAD-4E2B-BC60-0ED90CE6A2E8}
		{F1A2B3C4-D5E6-4F78-9A01-2B3C4D5E6F78} = {3A6A9022-2CAD-4E2B-BC60-0ED90CE6A2E8}
		{8632F297-12A5-476D-A7B0-5709A06E248F} = {62A58DAE-A61F-4694-AF42-438FB2895766}
		{90700E2C-EC5D-498F-B0A2-D6BB00934839} = {62A58DAE-A61F-4694-AF42-438FB2895766}
		{A50B22F2-E97E-4859-81AE-58FF03E5FEA8} = {62A58DAE-A61F-4694-AF42-438FB2895766}
		{4C008F50-016E-4F99-826A-F3867D7B3B9D} = {995A9891-DF6E-41DE-ABC1-DD74813956DA}
		{DC2061E4-4454-4055-8BD1-4B85B24B8948} = {5D5BF91B-BC6E-4F58-B445-5D4458702036}
		{F1FBFB62-B7B1-4E77-98D5-37DF19DCC1A8} = {1F674154-2A3C-40F7-AF86-C685C71D3CE3}
		{1F2FD2F1-C17B-4663-8AE3-A3CB4B354580} = {1F674154-2A3C-40F7-AF86-C685C71D3CE3}
		{E3F199C5-C0EF-4D75-AE6C-A8F366B998E2} = {5D5BF91B-BC6E-4F58-B445-5D4458702036}
		{83E04E7F-4CF2-4E99-93EC-96F86B59DD69} = {C1468807-6E7D-4715-9D2B-EC4E2EE4E644}
		{9B827EBF-209E-41D0-845F-E910BC4CA62C} = {C1468807-6E7D-4715-9D2B-EC4E2EE4E644}
		{4E25EE65-3629-4ED0-8B24-BB294889AD14} = {5D5BF91B-BC6E-4F58-B445-5D4458702036}
		{62A608BB-720F-44CF-8FA4-510144AD4F03} = {C1468807-6E7D-4715-9D2B-EC4E2EE4E644}
		{B42245B1-C6ED-4739-AEB3-CDB3062B1D94} = {827E0CD3-B72D-47B6-A68D-7590B98EB39B}
		{4306C4F2-652F-4A28-AB3C-AC9F5FD8F5F7} = {827E0CD3-B72D-47B6-A68D-7590B98EB39B}
		{DA820E35-AB45-4A88-9522-35BA905291D6} = {827E0CD3-B72D-47B6-A68D-7590B98EB39B}
		{62A58DAE-A61F-4694-AF42-438FB2895766} = {827E0CD3-B72D-47B6-A68D-7590B98EB39B}
		{C1468807-6E7D-4715-9D2B-EC4E2EE4E644} = {827E0CD3-B72D-47B6-A68D-7590B98EB39B}
		{1F674154-2A3C-40F7-AF86-C685C71D3CE3} = {827E0CD3-B72D-47B6-A68D-7590B98EB39B}
		{995A9891-DF6E-41DE-ABC1-DD74813956DA} = {827E0CD3-B72D-47B6-A68D-7590B98EB39B}
		{3A6A9022-2CAD-4E2B-BC60-0ED90CE6A2E8} = {827E0CD3-B72D-47B6-A68D-7590B98EB39B}
		{46A45AAD-053B-4CE2-8FC5-538B96179DEB} = {5D5BF91B-BC6E-4F58-B445-5D4458702036}
		{85C9E7AA-6BF6-4A61-87A1-B6139A0416D8} = {03B736EC-78CF-6EF2-B49B-9095733121B9}
		{61656935-E22C-4913-B29E-C0AAFFAE2E35} = {EAB3E87B-3F47-B4F0-2D5F-E75331CBE572}
		{84B7E78F-3816-48A8-8B39-10B74787559E} = {5D5BF91B-BC6E-4F58-B445-5D4458702036}
		{C3FA4CA5-5440-4F29-8EF5-3AED3DBAD4C7} = {EAB3E87B-3F47-B4F0-2D5F-E75331CBE572}
		{EBEFFF35-E3F4-4EC6-B5B9-5D1D55CA1C4D} = {5D5BF91B-BC6E-4F58-B445-5D4458702036}
		{5857C9FD-8487-4702-93C2-6FB87286121E} = {EAB3E87B-3F47-B4F0-2D5F-E75331CBE572}
		{00C2C0D3-2631-4457-8BA2-678B4BC19175} = {5D5BF91B-BC6E-4F58-B445-5D4458702036}
	EndGlobalSection
	GlobalSection(ExtensibilityGlobals) = postSolution
		SolutionGuid = {AE645819-5F9A-4A0A-8D20-57EF919A1FFE}
	EndGlobalSection
EndGlobal
